
Microsoft Visual Studio Solution File, Format Version 12.00
# Visual Studio Version 17
VisualStudioVersion = 17.0.31903.59
MinimumVisualStudioVersion = 10.0.40219.1
Project("{2150E333-8FDC-42A3-9474-1A3956D46DE8}") = "src", "src", "{827E0CD3-B72D-47B6-A68D-7590B98EB39B}"
EndProject
Project("{FAE04EC0-301F-11D3-BF4B-00C04F79EFBC}") = "EndfieldPuzzleSolver", "src\EndfieldPuzzleSolver\EndfieldPuzzleSolver.csproj", "{F2287F38-0A15-4725-9D61-09DEB0076CD2}"
EndProject
Project("{FAE04EC0-301F-11D3-BF4B-00C04F79EFBC}") = "EndfieldPuzzleSolver.Recognition", "src\EndfieldPuzzleSolver.Recognition\EndfieldPuzzleSolver.Recognition.csproj", "{0A72C749-CC8F-4365-9278-FBAE0BFF0CF8}"
EndProject
Project("{F2A71F9B-5D33-465A-A702-920D77279786}") = "EndfieldPuzzleSolver.Algorithm", "src\EndfieldPuzzleSolver.Algorithm\EndfieldPuzzleSolver.Algorithm.fsproj", "{1275B7A7-EEA7-484E-B87E-7AE0EFF62F0F}"
EndProject
Project("{FAE04EC0-301F-11D3-BF4B-00C04F79EFBC}") = "EndfieldPuzzleSolver.Avalonia", "src\EndfieldPuzzleSolver.Avalonia\EndfieldPuzzleSolver.Avalonia.csproj", "{C764FB5B-9599-4771-900E-3F59D00D7D83}"
EndProject
Project("{FAE04EC0-301F-11D3-BF4B-00C04F79EFBC}") = "EndfieldPuzzleSolver.Core", "src\EndfieldPuzzleSolver.Core\EndfieldPuzzleSolver.Core.csproj", "{FDDC1645-1E53-431A-8583-72073DB8D48A}"
EndProject
Global
	GlobalSection(SolutionConfigurationPlatforms) = preSolution
		Debug|Any CPU = Debug|Any CPU
		Debug|x64 = Debug|x64
		Debug|x86 = Debug|x86
		Release|Any CPU = Release|Any CPU
		Release|x64 = Release|x64
		Release|x86 = Release|x86
	EndGlobalSection
	GlobalSection(ProjectConfigurationPlatforms) = postSolution
		{F2287F38-0A15-4725-9D61-09DEB0076CD2}.Debug|Any CPU.ActiveCfg = Debug|x86
		{F2287F38-0A15-4725-9D61-09DEB0076CD2}.Debug|Any CPU.Build.0 = Debug|x86
		{F2287F38-0A15-4725-9D61-09DEB0076CD2}.Debug|x64.ActiveCfg = Debug|x64
		{F2287F38-0A15-4725-9D61-09DEB0076CD2}.Debug|x64.Build.0 = Debug|x64
		{F2287F38-0A15-4725-9D61-09DEB0076CD2}.Debug|x86.ActiveCfg = Debug|x86
		{F2287F38-0A15-4725-9D61-09DEB0076CD2}.Debug|x86.Build.0 = Debug|x86
		{F2287F38-0A15-4725-9D61-09DEB0076CD2}.Release|Any CPU.ActiveCfg = Release|x86
		{F2287F38-0A15-4725-9D61-09DEB0076CD2}.Release|Any CPU.Build.0 = Release|x86
		{F2287F38-0A15-4725-9D61-09DEB0076CD2}.Release|x64.ActiveCfg = Release|x64
		{F2287F38-0A15-4725-9D61-09DEB0076CD2}.Release|x64.Build.0 = Release|x64
		{F2287F38-0A15-4725-9D61-09DEB0076CD2}.Release|x86.ActiveCfg = Release|x86
		{F2287F38-0A15-4725-9D61-09DEB0076CD2}.Release|x86.Build.0 = Release|x86
		{0A72C749-CC8F-4365-9278-FBAE0BFF0CF8}.Debug|Any CPU.ActiveCfg = Debug|Any CPU
		{0A72C749-CC8F-4365-9278-FBAE0BFF0CF8}.Debug|Any CPU.Build.0 = Debug|Any CPU
		{0A72C749-CC8F-4365-9278-FBAE0BFF0CF8}.Debug|x64.ActiveCfg = Debug|Any CPU
		{0A72C749-CC8F-4365-9278-FBAE0BFF0CF8}.Debug|x64.Build.0 = Debug|Any CPU
		{0A72C749-CC8F-4365-9278-FBAE0BFF0CF8}.Debug|x86.ActiveCfg = Debug|Any CPU
		{0A72C749-CC8F-4365-9278-FBAE0BFF0CF8}.Debug|x86.Build.0 = Debug|Any CPU
		{0A72C749-CC8F-4365-9278-FBAE0BFF0CF8}.Release|Any CPU.ActiveCfg = Release|Any CPU
		{0A72C749-CC8F-4365-9278-FBAE0BFF0CF8}.Release|Any CPU.Build.0 = Release|Any CPU
		{0A72C749-CC8F-4365-9278-FBAE0BFF0CF8}.Release|x64.ActiveCfg = Release|Any CPU
		{0A72C749-CC8F-4365-9278-FBAE0BFF0CF8}.Release|x64.Build.0 = Release|Any CPU
		{0A72C749-CC8F-4365-9278-FBAE0BFF0CF8}.Release|x86.ActiveCfg = Release|Any CPU
		{0A72C749-CC8F-4365-9278-FBAE0BFF0CF8}.Release|x86.Build.0 = Release|Any CPU
		{1275B7A7-EEA7-484E-B87E-7AE0EFF62F0F}.Debug|Any CPU.ActiveCfg = Debug|Any CPU
		{1275B7A7-EEA7-484E-B87E-7AE0EFF62F0F}.Debug|Any CPU.Build.0 = Debug|Any CPU
		{1275B7A7-EEA7-484E-B87E-7AE0EFF62F0F}.Debug|x64.ActiveCfg = Debug|Any CPU
		{1275B7A7-EEA7-484E-B87E-7AE0EFF62F0F}.Debug|x64.Build.0 = Debug|Any CPU
		{1275B7A7-EEA7-484E-B87E-7AE0EFF62F0F}.Debug|x86.ActiveCfg = Debug|Any CPU
		{1275B7A7-EEA7-484E-B87E-7AE0EFF62F0F}.Debug|x86.Build.0 = Debug|Any CPU
		{1275B7A7-EEA7-484E-B87E-7AE0EFF62F0F}.Release|Any CPU.ActiveCfg = Release|Any CPU
		{1275B7A7-EEA7-484E-B87E-7AE0EFF62F0F}.Release|Any CPU.Build.0 = Release|Any CPU
		{1275B7A7-EEA7-484E-B87E-7AE0EFF62F0F}.Release|x64.ActiveCfg = Release|Any CPU
		{1275B7A7-EEA7-484E-B87E-7AE0EFF62F0F}.Release|x64.Build.0 = Release|Any CPU
		{1275B7A7-EEA7-484E-B87E-7AE0EFF62F0F}.Release|x86.ActiveCfg = Release|Any CPU
		{1275B7A7-EEA7-484E-B87E-7AE0EFF62F0F}.Release|x86.Build.0 = Release|Any CPU
		{C764FB5B-9599-4771-900E-3F59D00D7D83}.Debug|Any CPU.ActiveCfg = Debug|Any CPU
		{C764FB5B-9599-4771-900E-3F59D00D7D83}.Debug|Any CPU.Build.0 = Debug|Any CPU
		{C764FB5B-9599-4771-900E-3F59D00D7D83}.Debug|x64.ActiveCfg = Debug|Any CPU
		{C764FB5B-9599-4771-900E-3F59D00D7D83}.Debug|x64.Build.0 = Debug|Any CPU
		{C764FB5B-9599-4771-900E-3F59D00D7D83}.Debug|x86.ActiveCfg = Debug|Any CPU
		{C764FB5B-9599-4771-900E-3F59D00D7D83}.Debug|x86.Build.0 = Debug|Any CPU
		{C764FB5B-9599-4771-900E-3F59D00D7D83}.Release|Any CPU.ActiveCfg = Release|Any CPU
		{C764FB5B-9599-4771-900E-3F59D00D7D83}.Release|Any CPU.Build.0 = Release|Any CPU
		{C764FB5B-9599-4771-900E-3F59D00D7D83}.Release|x64.ActiveCfg = Release|Any CPU
		{C764FB5B-9599-4771-900E-3F59D00D7D83}.Release|x64.Build.0 = Release|Any CPU
		{C764FB5B-9599-4771-900E-3F59D00D7D83}.Release|x86.ActiveCfg = Release|Any CPU
		{C764FB5B-9599-4771-900E-3F59D00D7D83}.Release|x86.Build.0 = Release|Any CPU
		{FDDC1645-1E53-431A-8583-72073DB8D48A}.Debug|Any CPU.ActiveCfg = Debug|Any CPU
		{FDDC1645-1E53-431A-8583-72073DB8D48A}.Debug|Any CPU.Build.0 = Debug|Any CPU
		{FDDC1645-1E53-431A-8583-72073DB8D48A}.Debug|x64.ActiveCfg = Debug|Any CPU
		{FDDC1645-1E53-431A-8583-72073DB8D48A}.Debug|x64.Build.0 = Debug|Any CPU
		{FDDC1645-1E53-431A-8583-72073DB8D48A}.Debug|x86.ActiveCfg = Debug|Any CPU
		{FDDC1645-1E53-431A-8583-72073DB8D48A}.Debug|x86.Build.0 = Debug|Any CPU
		{FDDC1645-1E53-431A-8583-72073DB8D48A}.Release|Any CPU.ActiveCfg = Release|Any CPU
		{FDDC1645-1E53-431A-8583-72073DB8D48A}.Release|Any CPU.Build.0 = Release|Any CPU
		{FDDC1645-1E53-431A-8583-72073DB8D48A}.Release|x64.ActiveCfg = Release|Any CPU
		{FDDC1645-1E53-431A-8583-72073DB8D48A}.Release|x64.Build.0 = Release|Any CPU
		{FDDC1645-1E53-431A-8583-72073DB8D48A}.Release|x86.ActiveCfg = Release|Any CPU
		{FDDC1645-1E53-431A-8583-72073DB8D48A}.Release|x86.Build.0 = Release|Any CPU
	EndGlobalSection
	GlobalSection(SolutionProperties) = preSolution
		HideSolutionNode = FALSE
	EndGlobalSection
	GlobalSection(NestedProjects) = preSolution
		{F2287F38-0A15-4725-9D61-09DEB0076CD2} = {827E0CD3-B72D-47B6-A68D-7590B98EB39B}
		{0A72C749-CC8F-4365-9278-FBAE0BFF0CF8} = {827E0CD3-B72D-47B6-A68D-7590B98EB39B}
		{1275B7A7-EEA7-484E-B87E-7AE0EFF62F0F} = {827E0CD3-B72D-47B6-A68D-7590B98EB39B}
	EndGlobalSection
EndGlobal
